
Microsoft Visual Studio Solution File, Format Version 12.00
# Visual Studio Version 17
VisualStudioVersion = 17.13.35825.156 d17.13
MinimumVisualStudioVersion = 10.0.40219.1
Project("{FAE04EC0-301F-11D3-BF4B-00C04F79EFBC}") = "v12_parprog", "v12_parprog.csproj", "{789785D2-6AF0-4C40-BA39-74D75254D370}"
EndProject
Global
	GlobalSection(SolutionConfigurationPlatforms) = preSolution
		Debug|Any CPU = Debug|Any CPU
		Release|Any CPU = Release|Any CPU
	EndGlobalSection
	GlobalSection(ProjectConfigurationPlatforms) = postSolution
		{789785D2-6AF0-4C40-BA39-74D75254D370}.Debug|Any CPU.ActiveCfg = Debug|Any CPU
		{789785D2-6AF0-4C40-BA39-74D75254D370}.Debug|Any CPU.Build.0 = Debug|Any CPU
		{789785D2-6AF0-4C40-BA39-74D75254D370}.Release|Any CPU.ActiveCfg = Release|Any CPU
		{789785D2-6AF0-4C40-BA39-74D75254D370}.Release|Any CPU.Build.0 = Release|Any CPU
	EndGlobalSection
	GlobalSection(SolutionProperties) = preSolution
		HideSolutionNode = FALSE
	EndGlobalSection
	GlobalSection(ExtensibilityGlobals) = postSolution
		SolutionGuid = {26C9AF67-30D3-4C24-A052-727E8F4C88AD}
	EndGlobalSection
EndGlobal
